
Microsoft Visual Studio Solution File, Format Version 12.00
Project("{2150E333-8FDC-42A3-9474-1A3956D46DE8}") = "App", "App", "{A451F799-95A9-4803-9958-4A6A0E239208}"
EndProject
Project("{FAE04EC0-301F-11D3-BF4B-00C04F79EFBC}") = "App.Web", "App\App.Web\App.Web.csproj", "{5EF98BC8-8811-4CCB-AA8A-7202754F49E1}"
EndProject
Project("{2150E333-8FDC-42A3-9474-1A3956D46DE8}") = "Core", "Core", "{7F2543C1-BEC6-4E23-95AD-622C93DADC18}"
EndProject
Project("{FAE04EC0-301F-11D3-BF4B-00C04F79EFBC}") = "Core.Web", "Core\Core.Web\Core.Web.csproj", "{C475BBA9-4DAE-454B-BB3D-C94A06EAF175}"
EndProject
Project("{FAE04EC0-301F-11D3-BF4B-00C04F79EFBC}") = "Core.Database", "Core\Core.Database\Core.Database.csproj", "{7615DF2C-F15D-4A8C-9EAA-F4F279F1808D}"
EndProject
Project("{FAE04EC0-301F-11D3-BF4B-00C04F79EFBC}") = "Core.Tests", "Core\Core.Tests\Core.Tests.csproj", "{B9B6A555-C1D4-4B5A-9F3C-934B67AB3080}"
EndProject
Project("{FAE04EC0-301F-11D3-BF4B-00C04F79EFBC}") = "Core.App", "Core\Core.App\Core.App.csproj", "{83527607-3CD2-4B43-930C-DE70C409AD07}"
EndProject
Global
	GlobalSection(SolutionConfigurationPlatforms) = preSolution
		Debug|Any CPU = Debug|Any CPU
		Release|Any CPU = Release|Any CPU
	EndGlobalSection
	GlobalSection(NestedProjects) = preSolution
		{5EF98BC8-8811-4CCB-AA8A-7202754F49E1} = {A451F799-95A9-4803-9958-4A6A0E239208}
		{C475BBA9-4DAE-454B-BB3D-C94A06EAF175} = {7F2543C1-BEC6-4E23-95AD-622C93DADC18}
		{7615DF2C-F15D-4A8C-9EAA-F4F279F1808D} = {7F2543C1-BEC6-4E23-95AD-622C93DADC18}
		{B9B6A555-C1D4-4B5A-9F3C-934B67AB3080} = {7F2543C1-BEC6-4E23-95AD-622C93DADC18}
		{83527607-3CD2-4B43-930C-DE70C409AD07} = {7F2543C1-BEC6-4E23-95AD-622C93DADC18}
	EndGlobalSection
	GlobalSection(ProjectConfigurationPlatforms) = postSolution
		{5EF98BC8-8811-4CCB-AA8A-7202754F49E1}.Debug|Any CPU.ActiveCfg = Debug|Any CPU
		{5EF98BC8-8811-4CCB-AA8A-7202754F49E1}.Debug|Any CPU.Build.0 = Debug|Any CPU
		{5EF98BC8-8811-4CCB-AA8A-7202754F49E1}.Release|Any CPU.ActiveCfg = Release|Any CPU
		{5EF98BC8-8811-4CCB-AA8A-7202754F49E1}.Release|Any CPU.Build.0 = Release|Any CPU
		{C475BBA9-4DAE-454B-BB3D-C94A06EAF175}.Debug|Any CPU.ActiveCfg = Debug|Any CPU
		{C475BBA9-4DAE-454B-BB3D-C94A06EAF175}.Debug|Any CPU.Build.0 = Debug|Any CPU
		{C475BBA9-4DAE-454B-BB3D-C94A06EAF175}.Release|Any CPU.ActiveCfg = Release|Any CPU
		{C475BBA9-4DAE-454B-BB3D-C94A06EAF175}.Release|Any CPU.Build.0 = Release|Any CPU
		{7615DF2C-F15D-4A8C-9EAA-F4F279F1808D}.Debug|Any CPU.ActiveCfg = Debug|Any CPU
		{7615DF2C-F15D-4A8C-9EAA-F4F279F1808D}.Debug|Any CPU.Build.0 = Debug|Any CPU
		{7615DF2C-F15D-4A8C-9EAA-F4F279F1808D}.Release|Any CPU.ActiveCfg = Release|Any CPU
		{7615DF2C-F15D-4A8C-9EAA-F4F279F1808D}.Release|Any CPU.Build.0 = Release|Any CPU
		{B9B6A555-C1D4-4B5A-9F3C-934B67AB3080}.Debug|Any CPU.ActiveCfg = Debug|Any CPU
		{B9B6A555-C1D4-4B5A-9F3C-934B67AB3080}.Debug|Any CPU.Build.0 = Debug|Any CPU
		{B9B6A555-C1D4-4B5A-9F3C-934B67AB3080}.Release|Any CPU.ActiveCfg = Release|Any CPU
		{B9B6A555-C1D4-4B5A-9F3C-934B67AB3080}.Release|Any CPU.Build.0 = Release|Any CPU
		{83527607-3CD2-4B43-930C-DE70C409AD07}.Debug|Any CPU.ActiveCfg = Debug|Any CPU
		{83527607-3CD2-4B43-930C-DE70C409AD07}.Debug|Any CPU.Build.0 = Debug|Any CPU
		{83527607-3CD2-4B43-930C-DE70C409AD07}.Release|Any CPU.ActiveCfg = Release|Any CPU
		{83527607-3CD2-4B43-930C-DE70C409AD07}.Release|Any CPU.Build.0 = Release|Any CPU
	EndGlobalSection
EndGlobal
